
Microsoft Visual Studio Solution File, Format Version 12.00
# Visual Studio Version 16
VisualStudioVersion = 16.0.29609.76
MinimumVisualStudioVersion = 10.0.40219.1
Project("{FAE04EC0-301F-11D3-BF4B-00C04F79EFBC}") = "PRORegister", "PRORegister.csproj", "{BE162C04-0611-4070-9997-7161043B7241}"
EndProject
Global
	GlobalSection(SolutionConfigurationPlatforms) = preSolution
		Debug|Any CPU = Debug|Any CPU
		Release|Any CPU = Release|Any CPU
	EndGlobalSection
	GlobalSection(ProjectConfigurationPlatforms) = postSolution
		{BE162C04-0611-4070-9997-7161043B7241}.Debug|Any CPU.ActiveCfg = Debug|Any CPU
		{BE162C04-0611-4070-9997-7161043B7241}.Debug|Any CPU.Build.0 = Debug|Any CPU
		{BE162C04-0611-4070-9997-7161043B7241}.Release|Any CPU.ActiveCfg = Release|Any CPU
		{BE162C04-0611-4070-9997-7161043B7241}.Release|Any CPU.Build.0 = Release|Any CPU
	EndGlobalSection
	GlobalSection(SolutionProperties) = preSolution
		HideSolutionNode = FALSE
	EndGlobalSection
	GlobalSection(ExtensibilityGlobals) = postSolution
		SolutionGuid = {9B75BDFF-51F8-4BC4-B237-04F66B02C2FC}
	EndGlobalSection
EndGlobal
